
Microsoft Visual Studio Solution File, Format Version 12.00
# Visual Studio Version 16
VisualStudioVersion = 16.0.32630.194
MinimumVisualStudioVersion = 10.0.40219.1
Project("{9A19103F-16F7-4668-BE54-9A1E7A4F7556}") = "otherworld", "client\otherworld.csproj", "{E5751D10-B13A-4C29-8D48-F6EEE95E8DF1}"
EndProject
Project("{9A19103F-16F7-4668-BE54-9A1E7A4F7556}") = "otherworld.server", "server\otherworld.server.csproj", "{18C59C10-7683-4382-A477-4F30ACC8EBED}"
EndProject
Project("{9A19103F-16F7-4668-BE54-9A1E7A4F7556}") = "Nez.MG38", "..\Nez\Nez.Portable\Nez.MG38.csproj", "{D6DCF779-06AA-4771-88CA-C23FF1DBCA5F}"
EndProject
Project("{9A19103F-16F7-4668-BE54-9A1E7A4F7556}") = "otherworld.world", "world\otherworld.world.csproj", "{3B8B223B-7D0E-40E9-956D-E45CF39C3B66}"
EndProject
Global
	GlobalSection(SolutionConfigurationPlatforms) = preSolution
		Debug|Any CPU = Debug|Any CPU
		Release|Any CPU = Release|Any CPU
	EndGlobalSection
	GlobalSection(ProjectConfigurationPlatforms) = postSolution
		{E5751D10-B13A-4C29-8D48-F6EEE95E8DF1}.Debug|Any CPU.ActiveCfg = Debug|Any CPU
		{E5751D10-B13A-4C29-8D48-F6EEE95E8DF1}.Debug|Any CPU.Build.0 = Debug|Any CPU
		{E5751D10-B13A-4C29-8D48-F6EEE95E8DF1}.Release|Any CPU.ActiveCfg = Release|Any CPU
		{E5751D10-B13A-4C29-8D48-F6EEE95E8DF1}.Release|Any CPU.Build.0 = Release|Any CPU
		{18C59C10-7683-4382-A477-4F30ACC8EBED}.Debug|Any CPU.ActiveCfg = Debug|Any CPU
		{18C59C10-7683-4382-A477-4F30ACC8EBED}.Debug|Any CPU.Build.0 = Debug|Any CPU
		{18C59C10-7683-4382-A477-4F30ACC8EBED}.Release|Any CPU.ActiveCfg = Release|Any CPU
		{18C59C10-7683-4382-A477-4F30ACC8EBED}.Release|Any CPU.Build.0 = Release|Any CPU
		{D6DCF779-06AA-4771-88CA-C23FF1DBCA5F}.Debug|Any CPU.ActiveCfg = Debug|Any CPU
		{D6DCF779-06AA-4771-88CA-C23FF1DBCA5F}.Debug|Any CPU.Build.0 = Debug|Any CPU
		{D6DCF779-06AA-4771-88CA-C23FF1DBCA5F}.Release|Any CPU.ActiveCfg = Release|Any CPU
		{D6DCF779-06AA-4771-88CA-C23FF1DBCA5F}.Release|Any CPU.Build.0 = Release|Any CPU
		{3B8B223B-7D0E-40E9-956D-E45CF39C3B66}.Debug|Any CPU.ActiveCfg = Debug|Any CPU
		{3B8B223B-7D0E-40E9-956D-E45CF39C3B66}.Debug|Any CPU.Build.0 = Debug|Any CPU
		{3B8B223B-7D0E-40E9-956D-E45CF39C3B66}.Release|Any CPU.ActiveCfg = Release|Any CPU
		{3B8B223B-7D0E-40E9-956D-E45CF39C3B66}.Release|Any CPU.Build.0 = Release|Any CPU
	EndGlobalSection
	GlobalSection(SolutionProperties) = preSolution
		HideSolutionNode = FALSE
	EndGlobalSection
	GlobalSection(ExtensibilityGlobals) = postSolution
		SolutionGuid = {9AEC01B0-95F9-4B47-8234-7CA67DDDBC79}
	EndGlobalSection
EndGlobal
